
Microsoft Visual Studio Solution File, Format Version 12.00
# Visual Studio Version 18
VisualStudioVersion = 18.7.11822.327
MinimumVisualStudioVersion = 10.0.40219.1
Project("{FAE04EC0-301F-11D3-BF4B-00C04F79EFBC}") = "WinState", "WinState.csproj", "{37321081-2521-4EBB-9860-6423002EF2C0}"
EndProject
Project("{2150E333-8FDC-42A3-9474-1A3956D46DE8}") = "Vendor", "Vendor", "{3EFB08DA-2EA9-FE77-18DF-C4D4293AFD9C}"
EndProject
Project("{2150E333-8FDC-42A3-9474-1A3956D46DE8}") = "LibreHardwareMonitor-PawnIO", "LibreHardwareMonitor-PawnIO", "{C372209A-DDCF-E3E4-85E9-43785852C570}"
EndProject
Project("{FAE04EC0-301F-11D3-BF4B-00C04F79EFBC}") = "LibreHardwareMonitorLib", "Vendor\LibreHardwareMonitor-PawnIO\LibreHardwareMonitorLib\LibreHardwareMonitorLib.csproj", "{13DADBB5-43E0-4CD6-9AA8-5A61DEF5D311}"
EndProject
Project("{FAE04EC0-301F-11D3-BF4B-00C04F79EFBC}") = "WinState.Installer", "WinState.Installer\WinState.Installer.csproj", "{5C096F1E-1E72-428A-9566-37BC1B0A4B6A}"
EndProject
Global
	GlobalSection(SolutionConfigurationPlatforms) = preSolution
		Debug|Any CPU = Debug|Any CPU
		Debug|x64 = Debug|x64
		Debug|x86 = Debug|x86
		Release|Any CPU = Release|Any CPU
		Release|x64 = Release|x64
		Release|x86 = Release|x86
	EndGlobalSection
	GlobalSection(ProjectConfigurationPlatforms) = postSolution
		{37321081-2521-4EBB-9860-6423002EF2C0}.Debug|Any CPU.ActiveCfg = Debug|Any CPU
		{37321081-2521-4EBB-9860-6423002EF2C0}.Debug|Any CPU.Build.0 = Debug|Any CPU
		{37321081-2521-4EBB-9860-6423002EF2C0}.Debug|x64.ActiveCfg = Debug|Any CPU
		{37321081-2521-4EBB-9860-6423002EF2C0}.Debug|x64.Build.0 = Debug|Any CPU
		{37321081-2521-4EBB-9860-6423002EF2C0}.Debug|x86.ActiveCfg = Debug|Any CPU
		{37321081-2521-4EBB-9860-6423002EF2C0}.Debug|x86.Build.0 = Debug|Any CPU
		{37321081-2521-4EBB-9860-6423002EF2C0}.Release|Any CPU.ActiveCfg = Release|Any CPU
		{37321081-2521-4EBB-9860-6423002EF2C0}.Release|Any CPU.Build.0 = Release|Any CPU
		{37321081-2521-4EBB-9860-6423002EF2C0}.Release|x64.ActiveCfg = Release|Any CPU
		{37321081-2521-4EBB-9860-6423002EF2C0}.Release|x64.Build.0 = Release|Any CPU
		{37321081-2521-4EBB-9860-6423002EF2C0}.Release|x86.ActiveCfg = Release|Any CPU
		{37321081-2521-4EBB-9860-6423002EF2C0}.Release|x86.Build.0 = Release|Any CPU
		{13DADBB5-43E0-4CD6-9AA8-5A61DEF5D311}.Debug|Any CPU.ActiveCfg = Debug|Any CPU
		{13DADBB5-43E0-4CD6-9AA8-5A61DEF5D311}.Debug|Any CPU.Build.0 = Debug|Any CPU
		{13DADBB5-43E0-4CD6-9AA8-5A61DEF5D311}.Debug|x64.ActiveCfg = Debug|Any CPU
		{13DADBB5-43E0-4CD6-9AA8-5A61DEF5D311}.Debug|x64.Build.0 = Debug|Any CPU
		{13DADBB5-43E0-4CD6-9AA8-5A61DEF5D311}.Debug|x86.ActiveCfg = Debug|Any CPU
		{13DADBB5-43E0-4CD6-9AA8-5A61DEF5D311}.Debug|x86.Build.0 = Debug|Any CPU
		{13DADBB5-43E0-4CD6-9AA8-5A61DEF5D311}.Release|Any CPU.ActiveCfg = Release|Any CPU
		{13DADBB5-43E0-4CD6-9AA8-5A61DEF5D311}.Release|Any CPU.Build.0 = Release|Any CPU
		{13DADBB5-43E0-4CD6-9AA8-5A61DEF5D311}.Release|x64.ActiveCfg = Release|Any CPU
		{13DADBB5-43E0-4CD6-9AA8-5A61DEF5D311}.Release|x64.Build.0 = Release|Any CPU
		{13DADBB5-43E0-4CD6-9AA8-5A61DEF5D311}.Release|x86.ActiveCfg = Release|Any CPU
		{13DADBB5-43E0-4CD6-9AA8-5A61DEF5D311}.Release|x86.Build.0 = Release|Any CPU
		{5C096F1E-1E72-428A-9566-37BC1B0A4B6A}.Debug|Any CPU.ActiveCfg = Debug|x64
		{5C096F1E-1E72-428A-9566-37BC1B0A4B6A}.Debug|Any CPU.Build.0 = Debug|x64
		{5C096F1E-1E72-428A-9566-37BC1B0A4B6A}.Debug|x64.ActiveCfg = Debug|x64
		{5C096F1E-1E72-428A-9566-37BC1B0A4B6A}.Debug|x64.Build.0 = Debug|x64
		{5C096F1E-1E72-428A-9566-37BC1B0A4B6A}.Debug|x86.ActiveCfg = Debug|x64
		{5C096F1E-1E72-428A-9566-37BC1B0A4B6A}.Debug|x86.Build.0 = Debug|x64
		{5C096F1E-1E72-428A-9566-37BC1B0A4B6A}.Release|Any CPU.ActiveCfg = Release|x64
		{5C096F1E-1E72-428A-9566-37BC1B0A4B6A}.Release|Any CPU.Build.0 = Release|x64
		{5C096F1E-1E72-428A-9566-37BC1B0A4B6A}.Release|x64.ActiveCfg = Release|x64
		{5C096F1E-1E72-428A-9566-37BC1B0A4B6A}.Release|x64.Build.0 = Release|x64
		{5C096F1E-1E72-428A-9566-37BC1B0A4B6A}.Release|x86.ActiveCfg = Release|x64
		{5C096F1E-1E72-428A-9566-37BC1B0A4B6A}.Release|x86.Build.0 = Release|x64
	EndGlobalSection
	GlobalSection(SolutionProperties) = preSolution
		HideSolutionNode = FALSE
	EndGlobalSection
	GlobalSection(NestedProjects) = preSolution
		{C372209A-DDCF-E3E4-85E9-43785852C570} = {3EFB08DA-2EA9-FE77-18DF-C4D4293AFD9C}
		{13DADBB5-43E0-4CD6-9AA8-5A61DEF5D311} = {C372209A-DDCF-E3E4-85E9-43785852C570}
	EndGlobalSection
	GlobalSection(ExtensibilityGlobals) = postSolution
		SolutionGuid = {986B96D7-1D8F-4D92-9DB4-8D9BAA1E4BEB}
	EndGlobalSection
EndGlobal
